{
  "name": "qcloud-iotexplorer-appdev-miniprogram-sdk-demo",
  "version": "1.1.1",
  "lockfileVersion": 1,
  "requires": true,
  "dependencies": {
    "decode-uri-component": {
      "version": "0.2.0",
      "resolved": "https://repo.huaweicloud.com/repository/npm/decode-uri-component/-/decode-uri-component-0.2.0.tgz",
      "integrity": "sha512-hjf+xovcEn31w/EUYdTXQh/8smFL/dzYjohQGEIgjyNavaJfBY2p5F527Bo1VPATxv0VYTUC2bOcXvqFwk78Og=="
    },
    "event-emitter-for-miniprogram": {
      "version": "0.11.0",
      "resolved": "https://repo.huaweicloud.com/repository/npm/event-emitter-for-miniprogram/-/event-emitter-for-miniprogram-0.11.0.tgz",
      "integrity": "sha512-zwZ+rDWJZIk69OtEbyvYiAG8GCw5rw49TOXCTnyNyqjkmG2GCoTmOripxJ1Pu9sjXGoBszMx8mQviLvipHMWrw=="
    },
    "filter-obj": {
      "version": "1.1.0",
      "resolved": "https://repo.huaweicloud.com/repository/npm/filter-obj/-/filter-obj-1.1.0.tgz",
      "integrity": "sha512-8rXg1ZnX7xzy2NGDVkBVaAy+lSlPNwad13BtgSlLuxfIslyt5Vg64U7tFcCt4WS1R0hvtnQybT/IyCkGZ3DpXQ=="
    },
    "iotexplorer-ui-dev-config": {
      "version": "1.8.0",
      "resolved": "https://repo.huaweicloud.com/repository/npm/iotexplorer-ui-dev-config/-/iotexplorer-ui-dev-config-1.8.0.tgz",
      "integrity": "sha512-EjdufWDr++OzY9mJU/hLR7EkKOV6RGMlCttucEyjUOr1U6YaNZqE/snGQdab47qrpcI8i3vagIejupCcLk6mvQ==",
      "requires": {
        "tslib": "^2.1.0"
      }
    },
    "js-base64": {
      "version": "3.7.2",
      "resolved": "https://repo.huaweicloud.com/repository/npm/js-base64/-/js-base64-3.7.2.tgz",
      "integrity": "sha512-NnRs6dsyqUXejqk/yv2aiXlAvOs56sLkX6nUdeaNezI5LFFLlsZjOThmwnrcwh5ZZRwZlCMnVAY3CvhIhoVEKQ=="
    },
    "lodash.uniqwith": {
      "version": "4.5.0",
      "resolved": "https://repo.huaweicloud.com/repository/npm/lodash.uniqwith/-/lodash.uniqwith-4.5.0.tgz",
      "integrity": "sha512-7lYL8bLopMoy4CTICbxygAUq6CdRJ36vFc80DucPueUee+d5NBRxz3FdT9Pes/HEx5mPoT9jwnsEJWz1N7uq7Q=="
    },
    "mp-debug": {
      "version": "0.1.2",
      "resolved": "https://repo.huaweicloud.com/repository/npm/mp-debug/-/mp-debug-0.1.2.tgz",
      "integrity": "sha512-zvjvZq5ByVUGYk8uOdl5kgXqOUybggMQbjTW9J5WaskHr0A+Rfp61la9JuCogb5MhqPScqFxH65xwcr7ctohLQ==",
      "requires": {
        "ms": "2.1.2"
      }
    },
    "ms": {
      "version": "2.1.2",
      "resolved": "https://repo.huaweicloud.com/repository/npm/ms/-/ms-2.1.2.tgz",
      "integrity": "sha512-sGkPx+VjMtmA6MX27oA4FBFELFCZZ4S4XqeGOXCv68tT+jb3vk/RyaKWP0PTKyWtmLSM0b+adUTEvbs1PEaH2w=="
    },
    "qcloud-iotexplorer-appdev-plugin-wificonf-airkiss": {
      "version": "2.3.0",
      "resolved": "https://repo.huaweicloud.com/repository/npm/qcloud-iotexplorer-appdev-plugin-wificonf-airkiss/-/qcloud-iotexplorer-appdev-plugin-wificonf-airkiss-2.3.0.tgz",
      "integrity": "sha512-NlktGm42Jydm33eGaxW+coq/8iJj50j/bd1g4JOvr6TrXBqIIVILTGc3MSkZs41Cm0QRgTn8AfFxoOrRxygsmQ==",
      "requires": {
        "qcloud-iotexplorer-appdev-plugin-wificonf-core": "^2.3.0",
        "qcloud-iotexplorer-appdev-sdk": "^2.3.0",
        "tslib": "^2.0.1"
      }
    },
    "qcloud-iotexplorer-appdev-plugin-wificonf-blecombo": {
      "version": "2.3.2",
      "resolved": "https://repo.huaweicloud.com/repository/npm/qcloud-iotexplorer-appdev-plugin-wificonf-blecombo/-/qcloud-iotexplorer-appdev-plugin-wificonf-blecombo-2.3.2.tgz",
      "integrity": "sha512-1L77yD7xUg1LpDEkixAMorHA8P+GisTTu2Bs6DlnA9vyoQVpX3NH0utjAjz4qJZmcQdL7MjvWkKn6IZvywfRVg==",
      "requires": {
        "iotexplorer-ui-dev-config": "^1.8.0",
        "qcloud-iotexplorer-appdev-plugin-wificonf-core": "^2.3.0",
        "qcloud-iotexplorer-appdev-sdk": "^2.3.0",
        "qcloud-iotexplorer-bluetooth-adapter": "^0.12.2",
        "qcloud-iotexplorer-bluetooth-adapter-llsync": "^2.3.2",
        "spark-md5": "^3.0.1",
        "tslib": "^2.0.1"
      }
    },
    "qcloud-iotexplorer-appdev-plugin-wificonf-core": {
      "version": "2.3.0",
      "resolved": "https://repo.huaweicloud.com/repository/npm/qcloud-iotexplorer-appdev-plugin-wificonf-core/-/qcloud-iotexplorer-appdev-plugin-wificonf-core-2.3.0.tgz",
      "integrity": "sha512-e/AB7jSv2RN+yAVwXos7hRyP35zN2iOXGBMg7xTPwyyrg00QgTF1ZSV08e/bVwSu2N8Om9ESV41xRL1oLfSb6A==",
      "requires": {
        "iotexplorer-ui-dev-config": "^1.8.0",
        "qcloud-iotexplorer-appdev-sdk": "^2.3.0",
        "tslib": "^2.0.1"
      }
    },
    "qcloud-iotexplorer-appdev-plugin-wificonf-simpleconfig": {
      "version": "2.3.0",
      "resolved": "https://repo.huaweicloud.com/repository/npm/qcloud-iotexplorer-appdev-plugin-wificonf-simpleconfig/-/qcloud-iotexplorer-appdev-plugin-wificonf-simpleconfig-2.3.0.tgz",
      "integrity": "sha512-bLJBJj48e6CNCcGX/Gztx43ur158H4x2ujdx7OlnzqwNg9Zb+kcXmJHaeQ07NpUCad4e+p5+etS6HrSl3ZWzkg==",
      "requires": {
        "qcloud-iotexplorer-appdev-plugin-wificonf-core": "^2.3.0",
        "qcloud-iotexplorer-appdev-sdk": "^2.3.0",
        "tslib": "^2.0.1"
      }
    },
    "qcloud-iotexplorer-appdev-plugin-wificonf-smartconfig": {
      "version": "2.3.0",
      "resolved": "https://repo.huaweicloud.com/repository/npm/qcloud-iotexplorer-appdev-plugin-wificonf-smartconfig/-/qcloud-iotexplorer-appdev-plugin-wificonf-smartconfig-2.3.0.tgz",
      "integrity": "sha512-NlCz3yCQ9p4qtgLKi8DXVwdtK745tQOvvBuU92xAxMaL4vl571IuMumgup8JqkgO2haU3yijmcEVdx5Prl2IzQ==",
      "requires": {
        "qcloud-iotexplorer-appdev-plugin-wificonf-core": "^2.3.0",
        "qcloud-iotexplorer-appdev-sdk": "^2.3.0",
        "tslib": "^2.0.1"
      }
    },
    "qcloud-iotexplorer-appdev-plugin-wificonf-softap": {
      "version": "2.3.0",
      "resolved": "https://repo.huaweicloud.com/repository/npm/qcloud-iotexplorer-appdev-plugin-wificonf-softap/-/qcloud-iotexplorer-appdev-plugin-wificonf-softap-2.3.0.tgz",
      "integrity": "sha512-CUc1SrT3CYrdHu/eM2w6o9a5iBY38isrNGjBnBC61aie7s/qiFKrjeVd9iz1q00/wka79jdnZ08kmTxMuKbNAg==",
      "requires": {
        "qcloud-iotexplorer-appdev-plugin-wificonf-core": "^2.3.0",
        "qcloud-iotexplorer-appdev-sdk": "^2.3.0",
        "tslib": "^2.0.1"
      }
    },
    "qcloud-iotexplorer-appdev-sdk": {
      "version": "2.3.0",
      "resolved": "https://repo.huaweicloud.com/repository/npm/qcloud-iotexplorer-appdev-sdk/-/qcloud-iotexplorer-appdev-sdk-2.3.0.tgz",
      "integrity": "sha512-EwYn3Lqn1547iy9yFGWT655c5LZbtBvzbH/UPrgWii8vHKfRamFpl0Ap8KLHi1Fqs4fEm+N6dpkZf6X7yJ4Jbw==",
      "requires": {
        "event-emitter-for-miniprogram": "^0.11.0",
        "js-base64": "^3.2.4",
        "query-string": "^6.9.0",
        "shortid-for-miniprogram": "^2.2.15",
        "tslib": "^2.0.1"
      }
    },
    "qcloud-iotexplorer-bluetooth-adapter": {
      "version": "0.12.2",
      "resolved": "https://repo.huaweicloud.com/repository/npm/qcloud-iotexplorer-bluetooth-adapter/-/qcloud-iotexplorer-bluetooth-adapter-0.12.2.tgz",
      "integrity": "sha512-Mi1awJdGbVnQJKU2QL2r8TXFJpvL4e2Iez+kgTO2AHtSJ0/aRV/cMZKeoPRvwbdM7ql64scwv3tfdbKt0W5oWQ==",
      "requires": {
        "event-emitter-for-miniprogram": "^0.11.0",
        "lodash.uniqwith": "^4.5.0",
        "qcloud-iotexplorer-appdev-sdk": "^2.3.0",
        "qcloud-iotexplorer-common-libs": "^0.12.1",
        "tslib": "^2.0.1"
      }
    },
    "qcloud-iotexplorer-bluetooth-adapter-llsync": {
      "version": "2.3.2",
      "resolved": "https://repo.huaweicloud.com/repository/npm/qcloud-iotexplorer-bluetooth-adapter-llsync/-/qcloud-iotexplorer-bluetooth-adapter-llsync-2.3.2.tgz",
      "integrity": "sha512-NJLHo/V+D/G0MNzV8OLQbynbxCRkeDlA4N+JuOt7hsICv+8ZkDbhcWqCbWNrqIRtwFbEDOkfxGoOTtntkRW1zQ==",
      "requires": {
        "event-emitter-for-miniprogram": "^0.11.0",
        "iotexplorer-ui-dev-config": "^1.8.0",
        "mp-debug": "^0.1.1",
        "qcloud-iotexplorer-appdev-sdk": "^2.3.0",
        "qcloud-iotexplorer-bluetooth-adapter": "^0.12.2",
        "qcloud-iotexplorer-common-libs": "^0.12.1",
        "shortid-for-miniprogram": "^2.2.15",
        "spark-md5": "^3.0.1",
        "tslib": "^2.0.1"
      }
    },
    "qcloud-iotexplorer-common-libs": {
      "version": "0.12.1",
      "resolved": "https://repo.huaweicloud.com/repository/npm/qcloud-iotexplorer-common-libs/-/qcloud-iotexplorer-common-libs-0.12.1.tgz",
      "integrity": "sha512-hdik3l54r8yBZcSKe+q63kpB8cf0g0cYV3ROCuzNSn4fv1Cjx5Po02yzlhZGZdbidEtcWXUc0HefazduA+I5mA==",
      "requires": {
        "qcloud-iotexplorer-appdev-sdk": "^2.3.0",
        "spark-md5": "^3.0.1",
        "tslib": "^2.0.1"
      }
    },
    "qcloud-iotexplorer-fileresource-sdk": {
      "version": "1.5.0",
      "resolved": "https://repo.huaweicloud.com/repository/npm/qcloud-iotexplorer-fileresource-sdk/-/qcloud-iotexplorer-fileresource-sdk-1.5.0.tgz",
      "integrity": "sha512-o0jrNfY0y0C6v56r5qXz2x56Ino1t5b1biscBjDQd9vRtHLYRAxdKCkfCz5n2wlhlCC9Fr/34Pl+hgNLd6BNZA==",
      "requires": {
        "spark-md5": "^3.0.1"
      }
    },
    "query-string": {
      "version": "6.14.1",
      "resolved": "https://repo.huaweicloud.com/repository/npm/query-string/-/query-string-6.14.1.tgz",
      "integrity": "sha512-XDxAeVmpfu1/6IjyT/gXHOl+S0vQ9owggJ30hhWKdHAsNPOcasn5o9BW0eejZqL2e4vMjhAxoW3jVHcD6mbcYw==",
      "requires": {
        "decode-uri-component": "^0.2.0",
        "filter-obj": "^1.1.0",
        "split-on-first": "^1.0.0",
        "strict-uri-encode": "^2.0.0"
      }
    },
    "querystringify": {
      "version": "2.2.0",
      "resolved": "https://repo.huaweicloud.com/repository/npm/querystringify/-/querystringify-2.2.0.tgz",
      "integrity": "sha512-FIqgj2EUvTa7R50u0rGsyTftzjYmv/a3hO345bZNrqabNqjtgiDMgmo4mkUjd+nzU5oF3dClKqFIPUKybUyqoQ=="
    },
    "requires-port": {
      "version": "1.0.0",
      "resolved": "https://repo.huaweicloud.com/repository/npm/requires-port/-/requires-port-1.0.0.tgz",
      "integrity": "sha512-KigOCHcocU3XODJxsu8i/j8T9tzT4adHiecwORRQ0ZZFcp7ahwXuRU1m+yuO90C5ZUyGeGfocHDI14M3L3yDAQ=="
    },
    "shortid-for-miniprogram": {
      "version": "2.2.15",
      "resolved": "https://repo.huaweicloud.com/repository/npm/shortid-for-miniprogram/-/shortid-for-miniprogram-2.2.15.tgz",
      "integrity": "sha512-Ulw76O5R9UtanxKhiaN9fbQJc0B3YtqFHhDCV8B6/Ay/tjq0RlS4thRxWNI5rnxMVq7EOTrlFFE6QVFsWKLz5w=="
    },
    "spark-md5": {
      "version": "3.0.2",
      "resolved": "https://repo.huaweicloud.com/repository/npm/spark-md5/-/spark-md5-3.0.2.tgz",
      "integrity": "sha512-wcFzz9cDfbuqe0FZzfi2or1sgyIrsDwmPwfZC4hiNidPdPINjeUwNfv5kldczoEAcjl9Y1L3SM7Uz2PUEQzxQw=="
    },
    "split-on-first": {
      "version": "1.1.0",
      "resolved": "https://repo.huaweicloud.com/repository/npm/split-on-first/-/split-on-first-1.1.0.tgz",
      "integrity": "sha512-43ZssAJaMusuKWL8sKUBQXHWOpq8d6CfN/u1p4gUzfJkM05C8rxTmYrkIPTXapZpORA6LkkzcUulJ8FqA7Uudw=="
    },
    "strict-uri-encode": {
      "version": "2.0.0",
      "resolved": "https://repo.huaweicloud.com/repository/npm/strict-uri-encode/-/strict-uri-encode-2.0.0.tgz",
      "integrity": "sha512-QwiXZgpRcKkhTj2Scnn++4PKtWsH0kpzZ62L2R6c/LUVYv7hVnZqcg2+sMuT6R7Jusu1vviK/MFsu6kNJfWlEQ=="
    },
    "tslib": {
      "version": "2.4.0",
      "resolved": "https://repo.huaweicloud.com/repository/npm/tslib/-/tslib-2.4.0.tgz",
      "integrity": "sha512-d6xOpEDfsi2CZVlPQzGeux8XMwLT9hssAsaPYExaQMuYskwb+x1x7J371tWlbBdWHroy99KnVB6qIkUbs5X3UQ=="
    },
    "url-parse": {
      "version": "1.5.10",
      "resolved": "https://repo.huaweicloud.com/repository/npm/url-parse/-/url-parse-1.5.10.tgz",
      "integrity": "sha512-WypcfiRhfeUP9vvF0j6rw0J3hrWrw6iZv3+22h6iRMJ/8z1Tj6XfLP4DsUix5MhMPnXpiHDoKyoZ/bdCkwBCiQ==",
      "requires": {
        "querystringify": "^2.1.1",
        "requires-port": "^1.0.0"
      }
    },
    "weui-miniprogram": {
      "version": "1.0.8",
      "resolved": "https://repo.huaweicloud.com/repository/npm/weui-miniprogram/-/weui-miniprogram-1.0.8.tgz",
      "integrity": "sha512-fm9Hi/3s2Imp2xufuxBcbzYxIcrVt0gPMIdjHfuIFA0Fxiukztc+c2nyFspmkI9YkrdHM1o2h6qsStdK+wFhWQ=="
    }
  }
}
